
Microsoft Visual Studio Solution File, Format Version 12.00
# Visual Studio Version 17
VisualStudioVersion = 17.14.36301.6 d17.14
MinimumVisualStudioVersion = 10.0.40219.1
Project("{FAE04EC0-301F-11D3-BF4B-00C04F79EFBC}") = "Social.Domain", "Social.Domain\Social.Domain.csproj", "{9DD50F9E-ECC4-4C33-91BA-3E8AAEA1455F}"
EndProject
Project("{FAE04EC0-301F-11D3-BF4B-00C04F79EFBC}") = "Social.Infrastructure", "Social.Infrastructure\Social.Infrastructure.csproj", "{04D7CBFD-F79F-4022-AE72-1FC6A1648CBB}"
EndProject
Project("{FAE04EC0-301F-11D3-BF4B-00C04F79EFBC}") = "Social.Application", "Social.Application\Social.Application.csproj", "{D76C0193-C455-448D-8A84-12232638FEDD}"
EndProject
Project("{FAE04EC0-301F-11D3-BF4B-00C04F79EFBC}") = "Social.PL.API", "SocialPL.API\Social.PL.API.csproj", "{4E0356F9-96E5-41B6-A4E7-2F0746276EA0}"
EndProject
Project("{FAE04EC0-301F-11D3-BF4B-00C04F79EFBC}") = "Social.PL.Razor", "Social.PL.Razor\Social.PL.Razor.csproj", "{AD1EDCB5-0672-4DAE-968E-F34BB2468DA7}"
EndProject
Project("{FAE04EC0-301F-11D3-BF4B-00C04F79EFBC}") = "Social.Testing", "Social.Testing\Social.Testing.csproj", "{D0C722A8-1136-407B-8FBC-2F8C8A043ECA}"
EndProject
Global
	GlobalSection(SolutionConfigurationPlatforms) = preSolution
		Debug|Any CPU = Debug|Any CPU
		Release|Any CPU = Release|Any CPU
	EndGlobalSection
	GlobalSection(ProjectConfigurationPlatforms) = postSolution
		{9DD50F9E-ECC4-4C33-91BA-3E8AAEA1455F}.Debug|Any CPU.ActiveCfg = Debug|Any CPU
		{9DD50F9E-ECC4-4C33-91BA-3E8AAEA1455F}.Debug|Any CPU.Build.0 = Debug|Any CPU
		{9DD50F9E-ECC4-4C33-91BA-3E8AAEA1455F}.Release|Any CPU.ActiveCfg = Release|Any CPU
		{9DD50F9E-ECC4-4C33-91BA-3E8AAEA1455F}.Release|Any CPU.Build.0 = Release|Any CPU
		{04D7CBFD-F79F-4022-AE72-1FC6A1648CBB}.Debug|Any CPU.ActiveCfg = Debug|Any CPU
		{04D7CBFD-F79F-4022-AE72-1FC6A1648CBB}.Debug|Any CPU.Build.0 = Debug|Any CPU
		{04D7CBFD-F79F-4022-AE72-1FC6A1648CBB}.Release|Any CPU.ActiveCfg = Release|Any CPU
		{04D7CBFD-F79F-4022-AE72-1FC6A1648CBB}.Release|Any CPU.Build.0 = Release|Any CPU
		{D76C0193-C455-448D-8A84-12232638FEDD}.Debug|Any CPU.ActiveCfg = Debug|Any CPU
		{D76C0193-C455-448D-8A84-12232638FEDD}.Debug|Any CPU.Build.0 = Debug|Any CPU
		{D76C0193-C455-448D-8A84-12232638FEDD}.Release|Any CPU.ActiveCfg = Release|Any CPU
		{D76C0193-C455-448D-8A84-12232638FEDD}.Release|Any CPU.Build.0 = Release|Any CPU
		{4E0356F9-96E5-41B6-A4E7-2F0746276EA0}.Debug|Any CPU.ActiveCfg = Debug|Any CPU
		{4E0356F9-96E5-41B6-A4E7-2F0746276EA0}.Debug|Any CPU.Build.0 = Debug|Any CPU
		{4E0356F9-96E5-41B6-A4E7-2F0746276EA0}.Release|Any CPU.ActiveCfg = Release|Any CPU
		{4E0356F9-96E5-41B6-A4E7-2F0746276EA0}.Release|Any CPU.Build.0 = Release|Any CPU
		{AD1EDCB5-0672-4DAE-968E-F34BB2468DA7}.Debug|Any CPU.ActiveCfg = Debug|Any CPU
		{AD1EDCB5-0672-4DAE-968E-F34BB2468DA7}.Debug|Any CPU.Build.0 = Debug|Any CPU
		{AD1EDCB5-0672-4DAE-968E-F34BB2468DA7}.Release|Any CPU.ActiveCfg = Release|Any CPU
		{AD1EDCB5-0672-4DAE-968E-F34BB2468DA7}.Release|Any CPU.Build.0 = Release|Any CPU
		{D0C722A8-1136-407B-8FBC-2F8C8A043ECA}.Debug|Any CPU.ActiveCfg = Debug|Any CPU
		{D0C722A8-1136-407B-8FBC-2F8C8A043ECA}.Debug|Any CPU.Build.0 = Debug|Any CPU
		{D0C722A8-1136-407B-8FBC-2F8C8A043ECA}.Release|Any CPU.ActiveCfg = Release|Any CPU
		{D0C722A8-1136-407B-8FBC-2F8C8A043ECA}.Release|Any CPU.Build.0 = Release|Any CPU
	EndGlobalSection
	GlobalSection(SolutionProperties) = preSolution
		HideSolutionNode = FALSE
	EndGlobalSection
	GlobalSection(ExtensibilityGlobals) = postSolution
		SolutionGuid = {A4F08444-3066-4D1F-AA38-75642A0A8E56}
	EndGlobalSection
EndGlobal
